
Microsoft Visual Studio Solution File, Format Version 12.00
# Visual Studio Version 17
VisualStudioVersion = 17.0.31903.59
MinimumVisualStudioVersion = 10.0.40219.1
Project("{FAE04EC0-301F-11D3-BF4B-00C04F79EFBC}") = "backend", "backend\backend.csproj", "{30902D42-E9A2-44A8-8299-48806F3F11F7}"
EndProject
Project("{FAE04EC0-301F-11D3-BF4B-00C04F79EFBC}") = "TodoApp.Tests", "TodoApp.Tests\TodoApp.Tests.csproj", "{FEA0FDC5-8206-459D-8869-FAA64E1D119A}"
EndProject
Global
	GlobalSection(SolutionConfigurationPlatforms) = preSolution
		Debug|Any CPU = Debug|Any CPU
		Release|Any CPU = Release|Any CPU
	EndGlobalSection
	GlobalSection(SolutionProperties) = preSolution
		HideSolutionNode = FALSE
	EndGlobalSection
	GlobalSection(ProjectConfigurationPlatforms) = postSolution
		{30902D42-E9A2-44A8-8299-48806F3F11F7}.Debug|Any CPU.ActiveCfg = Debug|Any CPU
		{30902D42-E9A2-44A8-8299-48806F3F11F7}.Debug|Any CPU.Build.0 = Debug|Any CPU
		{30902D42-E9A2-44A8-8299-48806F3F11F7}.Release|Any CPU.ActiveCfg = Release|Any CPU
		{30902D42-E9A2-44A8-8299-48806F3F11F7}.Release|Any CPU.Build.0 = Release|Any CPU
		{FEA0FDC5-8206-459D-8869-FAA64E1D119A}.Debug|Any CPU.ActiveCfg = Debug|Any CPU
		{FEA0FDC5-8206-459D-8869-FAA64E1D119A}.Debug|Any CPU.Build.0 = Debug|Any CPU
		{FEA0FDC5-8206-459D-8869-FAA64E1D119A}.Release|Any CPU.ActiveCfg = Release|Any CPU
		{FEA0FDC5-8206-459D-8869-FAA64E1D119A}.Release|Any CPU.Build.0 = Release|Any CPU
	EndGlobalSection
EndGlobal
